
Microsoft Visual Studio Solution File, Format Version 12.00
# Visual Studio Version 16
Project("{8BC9CEB8-8B4A-11D0-8D11-00A0C91BC942}") = "ALL_BUILD", "ALL_BUILD.vcxproj", "{45E7B0D2-EBC5-3567-8DCA-B440060E2458}"
	ProjectSection(ProjectDependencies) = postProject
		{3E96DB30-B618-3082-83B7-0AB4C84EC8A7} = {3E96DB30-B618-3082-83B7-0AB4C84EC8A7}
		{4BADF7F0-0A5A-3D25-9141-CF24851089BB} = {4BADF7F0-0A5A-3D25-9141-CF24851089BB}
	EndProjectSection
EndProject
Project("{8BC9CEB8-8B4A-11D0-8D11-00A0C91BC942}") = "INSTALL", "INSTALL.vcxproj", "{ECEC92A6-EB87-34D9-84B1-4DAC8B61C031}"
	ProjectSection(ProjectDependencies) = postProject
		{45E7B0D2-EBC5-3567-8DCA-B440060E2458} = {45E7B0D2-EBC5-3567-8DCA-B440060E2458}
		{3E96DB30-B618-3082-83B7-0AB4C84EC8A7} = {3E96DB30-B618-3082-83B7-0AB4C84EC8A7}
	EndProjectSection
EndProject
Project("{8BC9CEB8-8B4A-11D0-8D11-00A0C91BC942}") = "ZERO_CHECK", "ZERO_CHECK.vcxproj", "{3E96DB30-B618-3082-83B7-0AB4C84EC8A7}"
	ProjectSection(ProjectDependencies) = postProject
	EndProjectSection
EndProject
Project("{8BC9CEB8-8B4A-11D0-8D11-00A0C91BC942}") = "sim", "sim.vcxproj", "{4BADF7F0-0A5A-3D25-9141-CF24851089BB}"
	ProjectSection(ProjectDependencies) = postProject
		{3E96DB30-B618-3082-83B7-0AB4C84EC8A7} = {3E96DB30-B618-3082-83B7-0AB4C84EC8A7}
	EndProjectSection
EndProject
Global
	GlobalSection(SolutionConfigurationPlatforms) = preSolution
		Debug|x64 = Debug|x64
		Release|x64 = Release|x64
		MinSizeRel|x64 = MinSizeRel|x64
		RelWithDebInfo|x64 = RelWithDebInfo|x64
	EndGlobalSection
	GlobalSection(ProjectConfigurationPlatforms) = postSolution
		{45E7B0D2-EBC5-3567-8DCA-B440060E2458}.Debug|x64.ActiveCfg = Debug|x64
		{45E7B0D2-EBC5-3567-8DCA-B440060E2458}.Debug|x64.Build.0 = Debug|x64
		{45E7B0D2-EBC5-3567-8DCA-B440060E2458}.Release|x64.ActiveCfg = Release|x64
		{45E7B0D2-EBC5-3567-8DCA-B440060E2458}.Release|x64.Build.0 = Release|x64
		{45E7B0D2-EBC5-3567-8DCA-B440060E2458}.MinSizeRel|x64.ActiveCfg = MinSizeRel|x64
		{45E7B0D2-EBC5-3567-8DCA-B440060E2458}.MinSizeRel|x64.Build.0 = MinSizeRel|x64
		{45E7B0D2-EBC5-3567-8DCA-B440060E2458}.RelWithDebInfo|x64.ActiveCfg = RelWithDebInfo|x64
		{45E7B0D2-EBC5-3567-8DCA-B440060E2458}.RelWithDebInfo|x64.Build.0 = RelWithDebInfo|x64
		{ECEC92A6-EB87-34D9-84B1-4DAC8B61C031}.Debug|x64.ActiveCfg = Debug|x64
		{ECEC92A6-EB87-34D9-84B1-4DAC8B61C031}.Release|x64.ActiveCfg = Release|x64
		{ECEC92A6-EB87-34D9-84B1-4DAC8B61C031}.MinSizeRel|x64.ActiveCfg = MinSizeRel|x64
		{ECEC92A6-EB87-34D9-84B1-4DAC8B61C031}.RelWithDebInfo|x64.ActiveCfg = RelWithDebInfo|x64
		{3E96DB30-B618-3082-83B7-0AB4C84EC8A7}.Debug|x64.ActiveCfg = Debug|x64
		{3E96DB30-B618-3082-83B7-0AB4C84EC8A7}.Debug|x64.Build.0 = Debug|x64
		{3E96DB30-B618-3082-83B7-0AB4C84EC8A7}.Release|x64.ActiveCfg = Release|x64
		{3E96DB30-B618-3082-83B7-0AB4C84EC8A7}.Release|x64.Build.0 = Release|x64
		{3E96DB30-B618-3082-83B7-0AB4C84EC8A7}.MinSizeRel|x64.ActiveCfg = MinSizeRel|x64
		{3E96DB30-B618-3082-83B7-0AB4C84EC8A7}.MinSizeRel|x64.Build.0 = MinSizeRel|x64
		{3E96DB30-B618-3082-83B7-0AB4C84EC8A7}.RelWithDebInfo|x64.ActiveCfg = RelWithDebInfo|x64
		{3E96DB30-B618-3082-83B7-0AB4C84EC8A7}.RelWithDebInfo|x64.Build.0 = RelWithDebInfo|x64
		{4BADF7F0-0A5A-3D25-9141-CF24851089BB}.Debug|x64.ActiveCfg = Debug|x64
		{4BADF7F0-0A5A-3D25-9141-CF24851089BB}.Debug|x64.Build.0 = Debug|x64
		{4BADF7F0-0A5A-3D25-9141-CF24851089BB}.Release|x64.ActiveCfg = Release|x64
		{4BADF7F0-0A5A-3D25-9141-CF24851089BB}.Release|x64.Build.0 = Release|x64
		{4BADF7F0-0A5A-3D25-9141-CF24851089BB}.MinSizeRel|x64.ActiveCfg = MinSizeRel|x64
		{4BADF7F0-0A5A-3D25-9141-CF24851089BB}.MinSizeRel|x64.Build.0 = MinSizeRel|x64
		{4BADF7F0-0A5A-3D25-9141-CF24851089BB}.RelWithDebInfo|x64.ActiveCfg = RelWithDebInfo|x64
		{4BADF7F0-0A5A-3D25-9141-CF24851089BB}.RelWithDebInfo|x64.Build.0 = RelWithDebInfo|x64
	EndGlobalSection
	GlobalSection(ExtensibilityGlobals) = postSolution
		SolutionGuid = {9E048EC3-7666-3E5E-AF98-0808FFB97C7E}
	EndGlobalSection
	GlobalSection(ExtensibilityAddIns) = postSolution
	EndGlobalSection
EndGlobal
